// !$*UTF8*$!
{
	archiveVersion = 1;
	classes = {
	};
	objectVersion = 46;
	objects = {

/* Begin PBXBuildFile section */
		1012C5E41DA69C3100E4E844 /* AppDelegate.swift in Sources */ = {isa = PBXBuildFile; fileRef = 1012C5E31DA69C3100E4E844 /* AppDelegate.swift */; };
		1012C5E61DA69C3100E4E844 /* ViewController.swift in Sources */ = {isa = PBXBuildFile; fileRef = 1012C5E51DA69C3100E4E844 /* ViewController.swift */; };
		1012C5E91DA69C3100E4E844 /* Main.storyboard in Resources */ = {isa = PBXBuildFile; fileRef = 1012C5E71DA69C3100E4E844 /* Main.storyboard */; };
		1012C5EB1DA69C3100E4E844 /* Assets.xcassets in Resources */ = {isa = PBXBuildFile; fileRef = 1012C5EA1DA69C3100E4E844 /* Assets.xcassets */; };
		1012C5EE1DA69C3100E4E844 /* LaunchScreen.storyboard in Resources */ = {isa = PBXBuildFile; fileRef = 1012C5EC1DA69C3100E4E844 /* LaunchScreen.storyboard */; };
		1012C5F91DA69C3200E4E844 /* TimersTests.swift in Sources */ = {isa = PBXBuildFile; fileRef = 1012C5F81DA69C3200E4E844 /* TimersTests.swift */; };
		1012C6041DA69C3200E4E844 /* TimersUITests.swift in Sources */ = {isa = PBXBuildFile; fileRef = 1012C6031DA69C3200E4E844 /* TimersUITests.swift */; };
		1012C6091DA69C3200E4E844 /* Timers WatchKit App.app in Embed Watch Content */ = {isa = PBXBuildFile; fileRef = 1012C6081DA69C3200E4E844 /* Timers WatchKit App.app */; };
		1012C60F1DA69C3200E4E844 /* Interface.storyboard in Resources */ = {isa = PBXBuildFile; fileRef = 1012C60D1DA69C3200E4E844 /* Interface.storyboard */; };
		1012C6111DA69C3200E4E844 /* Assets.xcassets in Resources */ = {isa = PBXBuildFile; fileRef = 1012C6101DA69C3200E4E844 /* Assets.xcassets */; };
		1012C6181DA69C3200E4E844 /* Timers WatchKit Extension.appex in Embed App Extensions */ = {isa = PBXBuildFile; fileRef = 1012C6171DA69C3200E4E844 /* Timers WatchKit Extension.appex */; settings = {ATTRIBUTES = (RemoveHeadersOnCopy, ); }; };
		1012C61F1DA69C3200E4E844 /* InterfaceController.swift in Sources */ = {isa = PBXBuildFile; fileRef = 1012C61E1DA69C3200E4E844 /* InterfaceController.swift */; };
		1012C6211DA69C3200E4E844 /* ExtensionDelegate.swift in Sources */ = {isa = PBXBuildFile; fileRef = 1012C6201DA69C3200E4E844 /* ExtensionDelegate.swift */; };
		1012C6231DA69C3200E4E844 /* NotificationController.swift in Sources */ = {isa = PBXBuildFile; fileRef = 1012C6221DA69C3200E4E844 /* NotificationController.swift */; };
		1012C6251DA69C3200E4E844 /* Assets.xcassets in Resources */ = {isa = PBXBuildFile; fileRef = 1012C6241DA69C3200E4E844 /* Assets.xcassets */; };
		1012C63D1DA6C62200E4E844 /* CounterRow.swift in Sources */ = {isa = PBXBuildFile; fileRef = 1012C63C1DA6C62200E4E844 /* CounterRow.swift */; };
		1012C63F1DA6DBC700E4E844 /* TimerRow.swift in Sources */ = {isa = PBXBuildFile; fileRef = 1012C63E1DA6DBC700E4E844 /* TimerRow.swift */; };
/* End PBXBuildFile section */

/* Begin PBXContainerItemProxy section */
		1012C5F51DA69C3200E4E844 /* PBXContainerItemProxy */ = {
			isa = PBXContainerItemProxy;
			containerPortal = 1012C5D81DA69C3100E4E844 /* Project object */;
			proxyType = 1;
			remoteGlobalIDString = 1012C5DF1DA69C3100E4E844;
			remoteInfo = Timers;
		};
		1012C6001DA69C3200E4E844 /* PBXContainerItemProxy */ = {
			isa = PBXContainerItemProxy;
			containerPortal = 1012C5D81DA69C3100E4E844 /* Project object */;
			proxyType = 1;
			remoteGlobalIDString = 1012C5DF1DA69C3100E4E844;
			remoteInfo = Timers;
		};
		1012C60A1DA69C3200E4E844 /* PBXContainerItemProxy */ = {
			isa = PBXContainerItemProxy;
			containerPortal = 1012C5D81DA69C3100E4E844 /* Project object */;
			proxyType = 1;
			remoteGlobalIDString = 1012C6071DA69C3200E4E844;
			remoteInfo = "Timers WatchKit App";
		};
		1012C6191DA69C3200E4E844 /* PBXContainerItemProxy */ = {
			isa = PBXContainerItemProxy;
			containerPortal = 1012C5D81DA69C3100E4E844 /* Project object */;
			proxyType = 1;
			remoteGlobalIDString = 1012C6161DA69C3200E4E844;
			remoteInfo = "Timers WatchKit Extension";
		};
/* End PBXContainerItemProxy section */

/* Begin PBXCopyFilesBuildPhase section */
		1012C62C1DA69C3200E4E844 /* Embed App Extensions */ = {
			isa = PBXCopyFilesBuildPhase;
			buildActionMask = 2147483647;
			dstPath = "";
			dstSubfolderSpec = 13;
			files = (
				1012C6181DA69C3200E4E844 /* Timers WatchKit Extension.appex in Embed App Extensions */,
			);
			name = "Embed App Extensions";
			runOnlyForDeploymentPostprocessing = 0;
		};
		1012C6301DA69C3200E4E844 /* Embed Watch Content */ = {
			isa = PBXCopyFilesBuildPhase;
			buildActionMask = 2147483647;
			dstPath = "$(CONTENTS_FOLDER_PATH)/Watch";
			dstSubfolderSpec = 16;
			files = (
				1012C6091DA69C3200E4E844 /* Timers WatchKit App.app in Embed Watch Content */,
			);
			name = "Embed Watch Content";
			runOnlyForDeploymentPostprocessing = 0;
		};
/* End PBXCopyFilesBuildPhase section */

/* Begin PBXFileReference section */
		1012C5E01DA69C3100E4E844 /* Timers.app */ = {isa = PBXFileReference; explicitFileType = wrapper.application; includeInIndex = 0; path = Timers.app; sourceTree = BUILT_PRODUCTS_DIR; };
		1012C5E31DA69C3100E4E844 /* AppDelegate.swift */ = {isa = PBXFileReference; lastKnownFileType = sourcecode.swift; path = AppDelegate.swift; sourceTree = "<group>"; };
		1012C5E51DA69C3100E4E844 /* ViewController.swift */ = {isa = PBXFileReference; lastKnownFileType = sourcecode.swift; path = ViewController.swift; sourceTree = "<group>"; };
		1012C5E81DA69C3100E4E844 /* Base */ = {isa = PBXFileReference; lastKnownFileType = file.storyboard; name = Base; path = Base.lproj/Main.storyboard; sourceTree = "<group>"; };
		1012C5EA1DA69C3100E4E844 /* Assets.xcassets */ = {isa = PBXFileReference; lastKnownFileType = folder.assetcatalog; path = Assets.xcassets; sourceTree = "<group>"; };
		1012C5ED1DA69C3100E4E844 /* Base */ = {isa = PBXFileReference; lastKnownFileType = file.storyboard; name = Base; path = Base.lproj/LaunchScreen.storyboard; sourceTree = "<group>"; };
		1012C5EF1DA69C3100E4E844 /* Info.plist */ = {isa = PBXFileReference; lastKnownFileType = text.plist.xml; path = Info.plist; sourceTree = "<group>"; };
		1012C5F41DA69C3200E4E844 /* TimersTests.xctest */ = {isa = PBXFileReference; explicitFileType = wrapper.cfbundle; includeInIndex = 0; path = TimersTests.xctest; sourceTree = BUILT_PRODUCTS_DIR; };
		1012C5F81DA69C3200E4E844 /* TimersTests.swift */ = {isa = PBXFileReference; lastKnownFileType = sourcecode.swift; path = TimersTests.swift; sourceTree = "<group>"; };
		1012C5FA1DA69C3200E4E844 /* Info.plist */ = {isa = PBXFileReference; lastKnownFileType = text.plist.xml; path = Info.plist; sourceTree = "<group>"; };
		1012C5FF1DA69C3200E4E844 /* TimersUITests.xctest */ = {isa = PBXFileReference; explicitFileType = wrapper.cfbundle; includeInIndex = 0; path = TimersUITests.xctest; sourceTree = BUILT_PRODUCTS_DIR; };
		1012C6031DA69C3200E4E844 /* TimersUITests.swift */ = {isa = PBXFileReference; lastKnownFileType = sourcecode.swift; path = TimersUITests.swift; sourceTree = "<group>"; };
		1012C6051DA69C3200E4E844 /* Info.plist */ = {isa = PBXFileReference; lastKnownFileType = text.plist.xml; path = Info.plist; sourceTree = "<group>"; };
		1012C6081DA69C3200E4E844 /* Timers WatchKit App.app */ = {isa = PBXFileReference; explicitFileType = wrapper.application; includeInIndex = 0; path = "Timers WatchKit App.app"; sourceTree = BUILT_PRODUCTS_DIR; };
		1012C60E1DA69C3200E4E844 /* Base */ = {isa = PBXFileReference; lastKnownFileType = file.storyboard; name = Base; path = Base.lproj/Interface.storyboard; sourceTree = "<group>"; };
		1012C6101DA69C3200E4E844 /* Assets.xcassets */ = {isa = PBXFileReference; lastKnownFileType = folder.assetcatalog; path = Assets.xcassets; sourceTree = "<group>"; };
		1012C6121DA69C3200E4E844 /* Info.plist */ = {isa = PBXFileReference; lastKnownFileType = text.plist.xml; path = Info.plist; sourceTree = "<group>"; };
		1012C6171DA69C3200E4E844 /* Timers WatchKit Extension.appex */ = {isa = PBXFileReference; explicitFileType = "wrapper.app-extension"; includeInIndex = 0; path = "Timers WatchKit Extension.appex"; sourceTree = BUILT_PRODUCTS_DIR; };
		1012C61D1DA69C3200E4E844 /* PushNotificationPayload.apns */ = {isa = PBXFileReference; lastKnownFileType = text; path = PushNotificationPayload.apns; sourceTree = "<group>"; };
		1012C61E1DA69C3200E4E844 /* InterfaceController.swift */ = {isa = PBXFileReference; lastKnownFileType = sourcecode.swift; path = InterfaceController.swift; sourceTree = "<group>"; };
		1012C6201DA69C3200E4E844 /* ExtensionDelegate.swift */ = {isa = PBXFileReference; lastKnownFileType = sourcecode.swift; path = ExtensionDelegate.swift; sourceTree = "<group>"; };
		1012C6221DA69C3200E4E844 /* NotificationController.swift */ = {isa = PBXFileReference; lastKnownFileType = sourcecode.swift; path = NotificationController.swift; sourceTree = "<group>"; };
		1012C6241DA69C3200E4E844 /* Assets.xcassets */ = {isa = PBXFileReference; lastKnownFileType = folder.assetcatalog; path = Assets.xcassets; sourceTree = "<group>"; };
		1012C6261DA69C3200E4E844 /* Info.plist */ = {isa = PBXFileReference; lastKnownFileType = text.plist.xml; path = Info.plist; sourceTree = "<group>"; };
		1012C63C1DA6C62200E4E844 /* CounterRow.swift */ = {isa = PBXFileReference; fileEncoding = 4; lastKnownFileType = sourcecode.swift; path = CounterRow.swift; sourceTree = "<group>"; };
		1012C63E1DA6DBC700E4E844 /* TimerRow.swift */ = {isa = PBXFileReference; fileEncoding = 4; lastKnownFileType = sourcecode.swift; path = TimerRow.swift; sourceTree = "<group>"; };
/* End PBXFileReference section */

/* Begin PBXFrameworksBuildPhase section */
		1012C5DD1DA69C3100E4E844 /* Frameworks */ = {
			isa = PBXFrameworksBuildPhase;
			buildActionMask = 2147483647;
			files = (
			);
			runOnlyForDeploymentPostprocessing = 0;
		};
		1012C5F11DA69C3200E4E844 /* Frameworks */ = {
			isa = PBXFrameworksBuildPhase;
			buildActionMask = 2147483647;
			files = (
			);
			runOnlyForDeploymentPostprocessing = 0;
		};
		1012C5FC1DA69C3200E4E844 /* Frameworks */ = {
			isa = PBXFrameworksBuildPhase;
			buildActionMask = 2147483647;
			files = (
			);
			runOnlyForDeploymentPostprocessing = 0;
		};
		1012C6141DA69C3200E4E844 /* Frameworks */ = {
			isa = PBXFrameworksBuildPhase;
			buildActionMask = 2147483647;
			files = (
			);
			runOnlyForDeploymentPostprocessing = 0;
		};
/* End PBXFrameworksBuildPhase section */

/* Begin PBXGroup section */
		1012C5D71DA69C3100E4E844 = {
			isa = PBXGroup;
			children = (
				1012C5E21DA69C3100E4E844 /* Timers */,
				1012C5F71DA69C3200E4E844 /* TimersTests */,
				1012C6021DA69C3200E4E844 /* TimersUITests */,
				1012C60C1DA69C3200E4E844 /* Timers WatchKit App */,
				1012C61B1DA69C3200E4E844 /* Timers WatchKit Extension */,
				1012C5E11DA69C3100E4E844 /* Products */,
			);
			sourceTree = "<group>";
		};
		1012C5E11DA69C3100E4E844 /* Products */ = {
			isa = PBXGroup;
			children = (
				1012C5E01DA69C3100E4E844 /* Timers.app */,
				1012C5F41DA69C3200E4E844 /* TimersTests.xctest */,
				1012C5FF1DA69C3200E4E844 /* TimersUITests.xctest */,
				1012C6081DA69C3200E4E844 /* Timers WatchKit App.app */,
				1012C6171DA69C3200E4E844 /* Timers WatchKit Extension.appex */,
			);
			name = Products;
			sourceTree = "<group>";
		};
		1012C5E21DA69C3100E4E844 /* Timers */ = {
			isa = PBXGroup;
			children = (
				1012C5E31DA69C3100E4E844 /* AppDelegate.swift */,
				1012C5E51DA69C3100E4E844 /* ViewController.swift */,
				1012C5E71DA69C3100E4E844 /* Main.storyboard */,
				1012C5EA1DA69C3100E4E844 /* Assets.xcassets */,
				1012C5EC1DA69C3100E4E844 /* LaunchScreen.storyboard */,
				1012C5EF1DA69C3100E4E844 /* Info.plist */,
			);
			path = Timers;
			sourceTree = "<group>";
		};
		1012C5F71DA69C3200E4E844 /* TimersTests */ = {
			isa = PBXGroup;
			children = (
				1012C5F81DA69C3200E4E844 /* TimersTests.swift */,
				1012C5FA1DA69C3200E4E844 /* Info.plist */,
			);
			path = TimersTests;
			sourceTree = "<group>";
		};
		1012C6021DA69C3200E4E844 /* TimersUITests */ = {
			isa = PBXGroup;
			children = (
				1012C6031DA69C3200E4E844 /* TimersUITests.swift */,
				1012C6051DA69C3200E4E844 /* Info.plist */,
			);
			path = TimersUITests;
			sourceTree = "<group>";
		};
		1012C60C1DA69C3200E4E844 /* Timers WatchKit App */ = {
			isa = PBXGroup;
			children = (
				1012C60D1DA69C3200E4E844 /* Interface.storyboard */,
				1012C6101DA69C3200E4E844 /* Assets.xcassets */,
				1012C6121DA69C3200E4E844 /* Info.plist */,
			);
			path = "Timers WatchKit App";
			sourceTree = "<group>";
		};
		1012C61B1DA69C3200E4E844 /* Timers WatchKit Extension */ = {
			isa = PBXGroup;
			children = (
				1012C61E1DA69C3200E4E844 /* InterfaceController.swift */,
				1012C6201DA69C3200E4E844 /* ExtensionDelegate.swift */,
				1012C6221DA69C3200E4E844 /* NotificationController.swift */,
				1012C6241DA69C3200E4E844 /* Assets.xcassets */,
				1012C6261DA69C3200E4E844 /* Info.plist */,
				1012C61C1DA69C3200E4E844 /* Supporting Files */,
				1012C63C1DA6C62200E4E844 /* CounterRow.swift */,
				1012C63E1DA6DBC700E4E844 /* TimerRow.swift */,
			);
			path = "Timers WatchKit Extension";
			sourceTree = "<group>";
		};
		1012C61C1DA69C3200E4E844 /* Supporting Files */ = {
			isa = PBXGroup;
			children = (
				1012C61D1DA69C3200E4E844 /* PushNotificationPayload.apns */,
			);
			name = "Supporting Files";
			sourceTree = "<group>";
		};
/* End PBXGroup section */

/* Begin PBXNativeTarget section */
		1012C5DF1DA69C3100E4E844 /* Timers */ = {
			isa = PBXNativeTarget;
			buildConfigurationList = 1012C6311DA69C3200E4E844 /* Build configuration list for PBXNativeTarget "Timers" */;
			buildPhases = (
				1012C5DC1DA69C3100E4E844 /* Sources */,
				1012C5DD1DA69C3100E4E844 /* Frameworks */,
				1012C5DE1DA69C3100E4E844 /* Resources */,
				1012C6301DA69C3200E4E844 /* Embed Watch Content */,
			);
			buildRules = (
			);
			dependencies = (
				1012C60B1DA69C3200E4E844 /* PBXTargetDependency */,
			);
			name = Timers;
			productName = Timers;
			productReference = 1012C5E01DA69C3100E4E844 /* Timers.app */;
			productType = "com.apple.product-type.application";
		};
		1012C5F31DA69C3200E4E844 /* TimersTests */ = {
			isa = PBXNativeTarget;
			buildConfigurationList = 1012C6341DA69C3200E4E844 /* Build configuration list for PBXNativeTarget "TimersTests" */;
			buildPhases = (
				1012C5F01DA69C3200E4E844 /* Sources */,
				1012C5F11DA69C3200E4E844 /* Frameworks */,
				1012C5F21DA69C3200E4E844 /* Resources */,
			);
			buildRules = (
			);
			dependencies = (
				1012C5F61DA69C3200E4E844 /* PBXTargetDependency */,
			);
			name = TimersTests;
			productName = TimersTests;
			productReference = 1012C5F41DA69C3200E4E844 /* TimersTests.xctest */;
			productType = "com.apple.product-type.bundle.unit-test";
		};
		1012C5FE1DA69C3200E4E844 /* TimersUITests */ = {
			isa = PBXNativeTarget;
			buildConfigurationList = 1012C6371DA69C3200E4E844 /* Build configuration list for PBXNativeTarget "TimersUITests" */;
			buildPhases = (
				1012C5FB1DA69C3200E4E844 /* Sources */,
				1012C5FC1DA69C3200E4E844 /* Frameworks */,
				1012C5FD1DA69C3200E4E844 /* Resources */,
			);
			buildRules = (
			);
			dependencies = (
				1012C6011DA69C3200E4E844 /* PBXTargetDependency */,
			);
			name = TimersUITests;
			productName = TimersUITests;
			productReference = 1012C5FF1DA69C3200E4E844 /* TimersUITests.xctest */;
			productType = "com.apple.product-type.bundle.ui-testing";
		};
		1012C6071DA69C3200E4E844 /* Timers WatchKit App */ = {
			isa = PBXNativeTarget;
			buildConfigurationList = 1012C62D1DA69C3200E4E844 /* Build configuration list for PBXNativeTarget "Timers WatchKit App" */;
			buildPhases = (
				1012C6061DA69C3200E4E844 /* Resources */,
				1012C62C1DA69C3200E4E844 /* Embed App Extensions */,
			);
			buildRules = (
			);
			dependencies = (
				1012C61A1DA69C3200E4E844 /* PBXTargetDependency */,
			);
			name = "Timers WatchKit App";
			productName = "Timers WatchKit App";
			productReference = 1012C6081DA69C3200E4E844 /* Timers WatchKit App.app */;
			productType = "com.apple.product-type.application.watchapp2";
		};
		1012C6161DA69C3200E4E844 /* Timers WatchKit Extension */ = {
			isa = PBXNativeTarget;
			buildConfigurationList = 1012C6291DA69C3200E4E844 /* Build configuration list for PBXNativeTarget "Timers WatchKit Extension" */;
			buildPhases = (
				1012C6131DA69C3200E4E844 /* Sources */,
				1012C6141DA69C3200E4E844 /* Frameworks */,
				1012C6151DA69C3200E4E844 /* Resources */,
			);
			buildRules = (
			);
			dependencies = (
			);
			name = "Timers WatchKit Extension";
			productName = "Timers WatchKit Extension";
			productReference = 1012C6171DA69C3200E4E844 /* Timers WatchKit Extension.appex */;
			productType = "com.apple.product-type.watchkit2-extension";
		};
/* End PBXNativeTarget section */

/* Begin PBXProject section */
		1012C5D81DA69C3100E4E844 /* Project object */ = {
			isa = PBXProject;
			attributes = {
				LastSwiftUpdateCheck = 0800;
				LastUpgradeCheck = 0800;
				ORGANIZATIONNAME = "Paul Gibbons";
				TargetAttributes = {
					1012C5DF1DA69C3100E4E844 = {
						CreatedOnToolsVersion = 8.0;
						DevelopmentTeam = E74VYP443P;
						ProvisioningStyle = Automatic;
					};
					1012C5F31DA69C3200E4E844 = {
						CreatedOnToolsVersion = 8.0;
						ProvisioningStyle = Manual;
						TestTargetID = 1012C5DF1DA69C3100E4E844;
					};
					1012C5FE1DA69C3200E4E844 = {
						CreatedOnToolsVersion = 8.0;
						ProvisioningStyle = Manual;
						TestTargetID = 1012C5DF1DA69C3100E4E844;
					};
					1012C6071DA69C3200E4E844 = {
						CreatedOnToolsVersion = 8.0;
						DevelopmentTeam = E74VYP443P;
						ProvisioningStyle = Automatic;
					};
					1012C6161DA69C3200E4E844 = {
						CreatedOnToolsVersion = 8.0;
						DevelopmentTeam = E74VYP443P;
						ProvisioningStyle = Automatic;
					};
				};
			};
			buildConfigurationList = 1012C5DB1DA69C3100E4E844 /* Build configuration list for PBXProject "Timers" */;
			compatibilityVersion = "Xcode 3.2";
			developmentRegion = English;
			hasScannedForEncodings = 0;
			knownRegions = (
				en,
				Base,
			);
			mainGroup = 1012C5D71DA69C3100E4E844;
			productRefGroup = 1012C5E11DA69C3100E4E844 /* Products */;
			projectDirPath = "";
			projectRoot = "";
			targets = (
				1012C5DF1DA69C3100E4E844 /* Timers */,
				1012C5F31DA69C3200E4E844 /* TimersTests */,
				1012C5FE1DA69C3200E4E844 /* TimersUITests */,
				1012C6071DA69C3200E4E844 /* Timers WatchKit App */,
				1012C6161DA69C3200E4E844 /* Timers WatchKit Extension */,
			);
		};
/* End PBXProject section */

/* Begin PBXResourcesBuildPhase section */
		1012C5DE1DA69C3100E4E844 /* Resources */ = {
			isa = PBXResourcesBuildPhase;
			buildActionMask = 2147483647;
			files = (
				1012C5EE1DA69C3100E4E844 /* LaunchScreen.storyboard in Resources */,
				1012C5EB1DA69C3100E4E844 /* Assets.xcassets in Resources */,
				1012C5E91DA69C3100E4E844 /* Main.storyboard in Resources */,
			);
			runOnlyForDeploymentPostprocessing = 0;
		};
		1012C5F21DA69C3200E4E844 /* Resources */ = {
			isa = PBXResourcesBuildPhase;
			buildActionMask = 2147483647;
			files = (
			);
			runOnlyForDeploymentPostprocessing = 0;
		};
		1012C5FD1DA69C3200E4E844 /* Resources */ = {
			isa = PBXResourcesBuildPhase;
			buildActionMask = 2147483647;
			files = (
			);
			runOnlyForDeploymentPostprocessing = 0;
		};
		1012C6061DA69C3200E4E844 /* Resources */ = {
			isa = PBXResourcesBuildPhase;
			buildActionMask = 2147483647;
			files = (
				1012C6111DA69C3200E4E844 /* Assets.xcassets in Resources */,
				1012C60F1DA69C3200E4E844 /* Interface.storyboard in Resources */,
			);
			runOnlyForDeploymentPostprocessing = 0;
		};
		1012C6151DA69C3200E4E844 /* Resources */ = {
			isa = PBXResourcesBuildPhase;
			buildActionMask = 2147483647;
			files = (
				1012C6251DA69C3200E4E844 /* Assets.xcassets in Resources */,
			);
			runOnlyForDeploymentPostprocessing = 0;
		};
/* End PBXResourcesBuildPhase section */

/* Begin PBXSourcesBuildPhase section */
		1012C5DC1DA69C3100E4E844 /* Sources */ = {
			isa = PBXSourcesBuildPhase;
			buildActionMask = 2147483647;
			files = (
				1012C5E61DA69C3100E4E844 /* ViewController.swift in Sources */,
				1012C5E41DA69C3100E4E844 /* AppDelegate.swift in Sources */,
			);
			runOnlyForDeploymentPostprocessing = 0;
		};
		1012C5F01DA69C3200E4E844 /* Sources */ = {
			isa = PBXSourcesBuildPhase;
			buildActionMask = 2147483647;
			files = (
				1012C5F91DA69C3200E4E844 /* TimersTests.swift in Sources */,
			);
			runOnlyForDeploymentPostprocessing = 0;
		};
		1012C5FB1DA69C3200E4E844 /* Sources */ = {
			isa = PBXSourcesBuildPhase;
			buildActionMask = 2147483647;
			files = (
				1012C6041DA69C3200E4E844 /* TimersUITests.swift in Sources */,
			);
			runOnlyForDeploymentPostprocessing = 0;
		};
		1012C6131DA69C3200E4E844 /* Sources */ = {
			isa = PBXSourcesBuildPhase;
			buildActionMask = 2147483647;
			files = (
				1012C6231DA69C3200E4E844 /* NotificationController.swift in Sources */,
				1012C63F1DA6DBC700E4E844 /* TimerRow.swift in Sources */,
				1012C6211DA69C3200E4E844 /* ExtensionDelegate.swift in Sources */,
				1012C61F1DA69C3200E4E844 /* InterfaceController.swift in Sources */,
				1012C63D1DA6C62200E4E844 /* CounterRow.swift in Sources */,
			);
			runOnlyForDeploymentPostprocessing = 0;
		};
/* End PBXSourcesBuildPhase section */

/* Begin PBXTargetDependency section */
		1012C5F61DA69C3200E4E844 /* PBXTargetDependency */ = {
			isa = PBXTargetDependency;
			target = 1012C5DF1DA69C3100E4E844 /* Timers */;
			targetProxy = 1012C5F51DA69C3200E4E844 /* PBXContainerItemProxy */;
		};
		1012C6011DA69C3200E4E844 /* PBXTargetDependency */ = {
			isa = PBXTargetDependency;
			target = 1012C5DF1DA69C3100E4E844 /* Timers */;
			targetProxy = 1012C6001DA69C3200E4E844 /* PBXContainerItemProxy */;
		};
		1012C60B1DA69C3200E4E844 /* PBXTargetDependency */ = {
			isa = PBXTargetDependency;
			target = 1012C6071DA69C3200E4E844 /* Timers WatchKit App */;
			targetProxy = 1012C60A1DA69C3200E4E844 /* PBXContainerItemProxy */;
		};
		1012C61A1DA69C3200E4E844 /* PBXTargetDependency */ = {
			isa = PBXTargetDependency;
			target = 1012C6161DA69C3200E4E844 /* Timers WatchKit Extension */;
			targetProxy = 1012C6191DA69C3200E4E844 /* PBXContainerItemProxy */;
		};
/* End PBXTargetDependency section */

/* Begin PBXVariantGroup section */
		1012C5E71DA69C3100E4E844 /* Main.storyboard */ = {
			isa = PBXVariantGroup;
			children = (
				1012C5E81DA69C3100E4E844 /* Base */,
			);
			name = Main.storyboard;
			sourceTree = "<group>";
		};
		1012C5EC1DA69C3100E4E844 /* LaunchScreen.storyboard */ = {
			isa = PBXVariantGroup;
			children = (
				1012C5ED1DA69C3100E4E844 /* Base */,
			);
			name = LaunchScreen.storyboard;
			sourceTree = "<group>";
		};
		1012C60D1DA69C3200E4E844 /* Interface.storyboard */ = {
			isa = PBXVariantGroup;
			children = (
				1012C60E1DA69C3200E4E844 /* Base */,
			);
			name = Interface.storyboard;
			sourceTree = "<group>";
		};
/* End PBXVariantGroup section */

/* Begin XCBuildConfiguration section */
		1012C6271DA69C3200E4E844 /* Debug */ = {
			isa = XCBuildConfiguration;
			buildSettings = {
				ALWAYS_SEARCH_USER_PATHS = NO;
				CLANG_ANALYZER_NONNULL = YES;
				CLANG_CXX_LANGUAGE_STANDARD = "gnu++0x";
				CLANG_CXX_LIBRARY = "libc++";
				CLANG_ENABLE_MODULES = YES;
				CLANG_ENABLE_OBJC_ARC = YES;
				CLANG_WARN_BOOL_CONVERSION = YES;
				CLANG_WARN_CONSTANT_CONVERSION = YES;
				CLANG_WARN_DIRECT_OBJC_ISA_USAGE = YES_ERROR;
				CLANG_WARN_DOCUMENTATION_COMMENTS = YES;
				CLANG_WARN_EMPTY_BODY = YES;
				CLANG_WARN_ENUM_CONVERSION = YES;
				CLANG_WARN_INFINITE_RECURSION = YES;
				CLANG_WARN_INT_CONVERSION = YES;
				CLANG_WARN_OBJC_ROOT_CLASS = YES_ERROR;
				CLANG_WARN_SUSPICIOUS_MOVES = YES;
				CLANG_WARN_UNREACHABLE_CODE = YES;
				CLANG_WARN__DUPLICATE_METHOD_MATCH = YES;
				CODE_SIGN_IDENTITY = "iPhone Developer: paultgibbons@gmail.com (9Q2S5KD984)";
				"CODE_SIGN_IDENTITY[sdk=iphoneos*]" = "iPhone Developer";
				COPY_PHASE_STRIP = NO;
				DEBUG_INFORMATION_FORMAT = dwarf;
				DEVELOPMENT_TEAM = E74VYP443P;
				ENABLE_STRICT_OBJC_MSGSEND = YES;
				ENABLE_TESTABILITY = YES;
				GCC_C_LANGUAGE_STANDARD = gnu99;
				GCC_DYNAMIC_NO_PIC = NO;
				GCC_NO_COMMON_BLOCKS = YES;
				GCC_OPTIMIZATION_LEVEL = 0;
				GCC_PREPROCESSOR_DEFINITIONS = (
					"DEBUG=1",
					"$(inherited)",
				);
				GCC_WARN_64_TO_32_BIT_CONVERSION = YES;
				GCC_WARN_ABOUT_RETURN_TYPE = YES_ERROR;
				GCC_WARN_UNDECLARED_SELECTOR = YES;
				GCC_WARN_UNINITIALIZED_AUTOS = YES_AGGRESSIVE;
				GCC_WARN_UNUSED_FUNCTION = YES;
				GCC_WARN_UNUSED_VARIABLE = YES;
				IPHONEOS_DEPLOYMENT_TARGET = 10.0;
				MTL_ENABLE_DEBUG_INFO = YES;
				ONLY_ACTIVE_ARCH = YES;
				PROVISIONING_PROFILE = "";
				PROVISIONING_PROFILE_SPECIFIER = "";
				SDKROOT = iphoneos;
				SWIFT_ACTIVE_COMPILATION_CONDITIONS = DEBUG;
				SWIFT_OPTIMIZATION_LEVEL = "-Onone";
			};
			name = Debug;
		};
		1012C6281DA69C3200E4E844 /* Release */ = {
			isa = XCBuildConfiguration;
			buildSettings = {
				ALWAYS_SEARCH_USER_PATHS = NO;
				CLANG_ANALYZER_NONNULL = YES;
				CLANG_CXX_LANGUAGE_STANDARD = "gnu++0x";
				CLANG_CXX_LIBRARY = "libc++";
				CLANG_ENABLE_MODULES = YES;
				CLANG_ENABLE_OBJC_ARC = YES;
				CLANG_WARN_BOOL_CONVERSION = YES;
				CLANG_WARN_CONSTANT_CONVERSION = YES;
				CLANG_WARN_DIRECT_OBJC_ISA_USAGE = YES_ERROR;
				CLANG_WARN_DOCUMENTATION_COMMENTS = YES;
				CLANG_WARN_EMPTY_BODY = YES;
				CLANG_WARN_ENUM_CONVERSION = YES;
				CLANG_WARN_INFINITE_RECURSION = YES;
				CLANG_WARN_INT_CONVERSION = YES;
				CLANG_WARN_OBJC_ROOT_CLASS = YES_ERROR;
				CLANG_WARN_SUSPICIOUS_MOVES = YES;
				CLANG_WARN_UNREACHABLE_CODE = YES;
				CLANG_WARN__DUPLICATE_METHOD_MATCH = YES;
				CODE_SIGN_IDENTITY = "iPhone Developer: paultgibbons@gmail.com (9Q2S5KD984)";
				"CODE_SIGN_IDENTITY[sdk=iphoneos*]" = "iPhone Developer";
				COPY_PHASE_STRIP = NO;
				DEBUG_INFORMATION_FORMAT = "dwarf-with-dsym";
				DEVELOPMENT_TEAM = E74VYP443P;
				ENABLE_NS_ASSERTIONS = NO;
				ENABLE_STRICT_OBJC_MSGSEND = YES;
				GCC_C_LANGUAGE_STANDARD = gnu99;
				GCC_NO_COMMON_BLOCKS = YES;
				GCC_WARN_64_TO_32_BIT_CONVERSION = YES;
				GCC_WARN_ABOUT_RETURN_TYPE = YES_ERROR;
				GCC_WARN_UNDECLARED_SELECTOR = YES;
				GCC_WARN_UNINITIALIZED_AUTOS = YES_AGGRESSIVE;
				GCC_WARN_UNUSED_FUNCTION = YES;
				GCC_WARN_UNUSED_VARIABLE = YES;
				IPHONEOS_DEPLOYMENT_TARGET = 10.0;
				MTL_ENABLE_DEBUG_INFO = NO;
				PROVISIONING_PROFILE = "";
				PROVISIONING_PROFILE_SPECIFIER = "";
				SDKROOT = iphoneos;
				SWIFT_OPTIMIZATION_LEVEL = "-Owholemodule";
				VALIDATE_PRODUCT = YES;
			};
			name = Release;
		};
		1012C62A1DA69C3200E4E844 /* Debug */ = {
			isa = XCBuildConfiguration;
			buildSettings = {
				ASSETCATALOG_COMPILER_COMPLICATION_NAME = Complication;
				CODE_SIGN_IDENTITY = "iPhone Developer: paultgibbons@gmail.com (9Q2S5KD984)";
				"CODE_SIGN_IDENTITY[sdk=iphoneos*]" = "iPhone Developer";
				"CODE_SIGN_IDENTITY[sdk=watchos*]" = "iPhone Developer";
				DEVELOPMENT_TEAM = E74VYP443P;
				INFOPLIST_FILE = "Timers WatchKit Extension/Info.plist";
				LD_RUNPATH_SEARCH_PATHS = "$(inherited) @executable_path/Frameworks @executable_path/../../Frameworks";
				PRODUCT_BUNDLE_IDENTIFIER = com.paultgibbons.Timers.watchkitapp.watchkitextension;
				PRODUCT_NAME = "${TARGET_NAME}";
				PROVISIONING_PROFILE = "";
				SDKROOT = watchos;
				SKIP_INSTALL = YES;
				SWIFT_VERSION = 3.0;
				TARGETED_DEVICE_FAMILY = 4;
				WATCHOS_DEPLOYMENT_TARGET = 3.0;
			};
			name = Debug;
		};
		1012C62B1DA69C3200E4E844 /* Release */ = {
			isa = XCBuildConfiguration;
			buildSettings = {
				ASSETCATALOG_COMPILER_COMPLICATION_NAME = Complication;
				CODE_SIGN_IDENTITY = "iPhone Developer: paultgibbons@gmail.com (9Q2S5KD984)";
				"CODE_SIGN_IDENTITY[sdk=iphoneos*]" = "iPhone Developer";
				"CODE_SIGN_IDENTITY[sdk=watchos*]" = "iPhone Developer";
				DEVELOPMENT_TEAM = E74VYP443P;
				INFOPLIST_FILE = "Timers WatchKit Extension/Info.plist";
				LD_RUNPATH_SEARCH_PATHS = "$(inherited) @executable_path/Frameworks @executable_path/../../Frameworks";
				PRODUCT_BUNDLE_IDENTIFIER = com.paultgibbons.Timers.watchkitapp.watchkitextension;
				PRODUCT_NAME = "${TARGET_NAME}";
				PROVISIONING_PROFILE = "";
				SDKROOT = watchos;
				SKIP_INSTALL = YES;
				SWIFT_VERSION = 3.0;
				TARGETED_DEVICE_FAMILY = 4;
				WATCHOS_DEPLOYMENT_TARGET = 3.0;
			};
			name = Release;
		};
		1012C62E1DA69C3200E4E844 /* Debug */ = {
			isa = XCBuildConfiguration;
			buildSettings = {
				ALWAYS_EMBED_SWIFT_STANDARD_LIBRARIES = YES;
				ASSETCATALOG_COMPILER_APPICON_NAME = AppIcon;
				CODE_SIGN_IDENTITY = "iPhone Developer: Paul Gibbons (5L4P76X56A)";
				"CODE_SIGN_IDENTITY[sdk=iphoneos*]" = "iPhone Developer";
				"CODE_SIGN_IDENTITY[sdk=watchos*]" = "iPhone Developer";
				DEVELOPMENT_TEAM = E74VYP443P;
				IBSC_MODULE = Timers_WatchKit_Extension;
				INFOPLIST_FILE = "Timers WatchKit App/Info.plist";
				PRODUCT_BUNDLE_IDENTIFIER = com.paultgibbons.Timers.watchkitapp;
				PRODUCT_NAME = "$(TARGET_NAME)";
				PROVISIONING_PROFILE = "";
				PROVISIONING_PROFILE_SPECIFIER = "";
				SDKROOT = watchos;
				SKIP_INSTALL = YES;
				SWIFT_VERSION = 3.0;
				TARGETED_DEVICE_FAMILY = 4;
				WATCHOS_DEPLOYMENT_TARGET = 3.0;
			};
			name = Debug;
		};
		1012C62F1DA69C3200E4E844 /* Release */ = {
			isa = XCBuildConfiguration;
			buildSettings = {
				ALWAYS_EMBED_SWIFT_STANDARD_LIBRARIES = YES;
				ASSETCATALOG_COMPILER_APPICON_NAME = AppIcon;
				CODE_SIGN_IDENTITY = "iPhone Developer: Paul Gibbons (5L4P76X56A)";
				"CODE_SIGN_IDENTITY[sdk=iphoneos*]" = "iPhone Developer";
				"CODE_SIGN_IDENTITY[sdk=watchos*]" = "iPhone Developer";
				DEVELOPMENT_TEAM = E74VYP443P;
				IBSC_MODULE = Timers_WatchKit_Extension;
				INFOPLIST_FILE = "Timers WatchKit App/Info.plist";
				PRODUCT_BUNDLE_IDENTIFIER = com.paultgibbons.Timers.watchkitapp;
				PRODUCT_NAME = "$(TARGET_NAME)";
				PROVISIONING_PROFILE = "";
				PROVISIONING_PROFILE_SPECIFIER = "";
				SDKROOT = watchos;
				SKIP_INSTALL = YES;
				SWIFT_VERSION = 3.0;
				TARGETED_DEVICE_FAMILY = 4;
				WATCHOS_DEPLOYMENT_TARGET = 3.0;
			};
			name = Release;
		};
		1012C6321DA69C3200E4E844 /* Debug */ = {
			isa = XCBuildConfiguration;
			buildSettings = {
				ASSETCATALOG_COMPILER_APPICON_NAME = AppIcon;
				CODE_SIGN_IDENTITY = "iPhone Developer: Paul Gibbons (5L4P76X56A)";
				"CODE_SIGN_IDENTITY[sdk=iphoneos*]" = "iPhone Developer";
				DEVELOPMENT_TEAM = E74VYP443P;
				INFOPLIST_FILE = Timers/Info.plist;
				IPHONEOS_DEPLOYMENT_TARGET = 10.0;
				LD_RUNPATH_SEARCH_PATHS = "$(inherited) @executable_path/Frameworks";
				PRODUCT_BUNDLE_IDENTIFIER = com.paultgibbons.Timers;
				PRODUCT_NAME = "$(TARGET_NAME)";
				PROVISIONING_PROFILE = "";
				SWIFT_VERSION = 3.0;
			};
			name = Debug;
		};
		1012C6331DA69C3200E4E844 /* Release */ = {
			isa = XCBuildConfiguration;
			buildSettings = {
				ASSETCATALOG_COMPILER_APPICON_NAME = AppIcon;
				CODE_SIGN_IDENTITY = "iPhone Developer: Paul Gibbons (5L4P76X56A)";
				"CODE_SIGN_IDENTITY[sdk=iphoneos*]" = "iPhone Developer";
				DEVELOPMENT_TEAM = E74VYP443P;
				INFOPLIST_FILE = Timers/Info.plist;
				IPHONEOS_DEPLOYMENT_TARGET = 10.0;
				LD_RUNPATH_SEARCH_PATHS = "$(inherited) @executable_path/Frameworks";
				PRODUCT_BUNDLE_IDENTIFIER = com.paultgibbons.Timers;
				PRODUCT_NAME = "$(TARGET_NAME)";
				PROVISIONING_PROFILE = "";
				SWIFT_VERSION = 3.0;
			};
			name = Release;
		};
		1012C6351DA69C3200E4E844 /* Debug */ = {
			isa = XCBuildConfiguration;
			buildSettings = {
				ALWAYS_EMBED_SWIFT_STANDARD_LIBRARIES = YES;
				BUNDLE_LOADER = "$(TEST_HOST)";
				CODE_SIGN_IDENTITY = "iPhone Developer: paultgibbons@gmail.com (9Q2S5KD984)";
				DEVELOPMENT_TEAM = "";
				INFOPLIST_FILE = TimersTests/Info.plist;
				LD_RUNPATH_SEARCH_PATHS = "$(inherited) @executable_path/Frameworks @loader_path/Frameworks";
				PRODUCT_BUNDLE_IDENTIFIER = com.paultgibbons.TimersTests;
				PRODUCT_NAME = "$(TARGET_NAME)";
				SWIFT_VERSION = 3.0;
				TEST_HOST = "$(BUILT_PRODUCTS_DIR)/Timers.app/Timers";
			};
			name = Debug;
		};
		1012C6361DA69C3200E4E844 /* Release */ = {
			isa = XCBuildConfiguration;
			buildSettings = {
				ALWAYS_EMBED_SWIFT_STANDARD_LIBRARIES = YES;
				BUNDLE_LOADER = "$(TEST_HOST)";
				CODE_SIGN_IDENTITY = "iPhone Developer: paultgibbons@gmail.com (9Q2S5KD984)";
				DEVELOPMENT_TEAM = "";
				INFOPLIST_FILE = TimersTests/Info.plist;
				LD_RUNPATH_SEARCH_PATHS = "$(inherited) @executable_path/Frameworks @loader_path/Frameworks";
				PRODUCT_BUNDLE_IDENTIFIER = com.paultgibbons.TimersTests;
				PRODUCT_NAME = "$(TARGET_NAME)";
				SWIFT_VERSION = 3.0;
				TEST_HOST = "$(BUILT_PRODUCTS_DIR)/Timers.app/Timers";
			};
			name = Release;
		};
		1012C6381DA69C3200E4E844 /* Debug */ = {
			isa = XCBuildConfiguration;
			buildSettings = {
				ALWAYS_EMBED_SWIFT_STANDARD_LIBRARIES = YES;
				CODE_SIGN_IDENTITY = "iPhone Developer: paultgibbons@gmail.com (9Q2S5KD984)";
				DEVELOPMENT_TEAM = "";
				INFOPLIST_FILE = TimersUITests/Info.plist;
				LD_RUNPATH_SEARCH_PATHS = "$(inherited) @executable_path/Frameworks @loader_path/Frameworks";
				PRODUCT_BUNDLE_IDENTIFIER = com.paultgibbons.TimersUITests;
				PRODUCT_NAME = "$(TARGET_NAME)";
				SWIFT_VERSION = 3.0;
				TEST_TARGET_NAME = Timers;
			};
			name = Debug;
		};
		1012C6391DA69C3200E4E844 /* Release */ = {
			isa = XCBuildConfiguration;
			buildSettings = {
				ALWAYS_EMBED_SWIFT_STANDARD_LIBRARIES = YES;
				CODE_SIGN_IDENTITY = "iPhone Developer: paultgibbons@gmail.com (9Q2S5KD984)";
				DEVELOPMENT_TEAM = "";
				INFOPLIST_FILE = TimersUITests/Info.plist;
				LD_RUNPATH_SEARCH_PATHS = "$(inherited) @executable_path/Frameworks @loader_path/Frameworks";
				PRODUCT_BUNDLE_IDENTIFIER = com.paultgibbons.TimersUITests;
				PRODUCT_NAME = "$(TARGET_NAME)";
				SWIFT_VERSION = 3.0;
				TEST_TARGET_NAME = Timers;
			};
			name = Release;
		};
/* End XCBuildConfiguration section */

/* Begin XCConfigurationList section */
		1012C5DB1DA69C3100E4E844 /* Build configuration list for PBXProject "Timers" */ = {
			isa = XCConfigurationList;
			buildConfigurations = (
				1012C6271DA69C3200E4E844 /* Debug */,
				1012C6281DA69C3200E4E844 /* Release */,
			);
			defaultConfigurationIsVisible = 0;
			defaultConfigurationName = Release;
		};
		1012C6291DA69C3200E4E844 /* Build configuration list for PBXNativeTarget "Timers WatchKit Extension" */ = {
			isa = XCConfigurationList;
			buildConfigurations = (
				1012C62A1DA69C3200E4E844 /* Debug */,
				1012C62B1DA69C3200E4E844 /* Release */,
			);
			defaultConfigurationIsVisible = 0;
		};
		1012C62D1DA69C3200E4E844 /* Build configuration list for PBXNativeTarget "Timers WatchKit App" */ = {
			isa = XCConfigurationList;
			buildConfigurations = (
				1012C62E1DA69C3200E4E844 /* Debug */,
				1012C62F1DA69C3200E4E844 /* Release */,
			);
			defaultConfigurationIsVisible = 0;
		};
		1012C6311DA69C3200E4E844 /* Build configuration list for PBXNativeTarget "Timers" */ = {
			isa = XCConfigurationList;
			buildConfigurations = (
				1012C6321DA69C3200E4E844 /* Debug */,
				1012C6331DA69C3200E4E844 /* Release */,
			);
			defaultConfigurationIsVisible = 0;
		};
		1012C6341DA69C3200E4E844 /* Build configuration list for PBXNativeTarget "TimersTests" */ = {
			isa = XCConfigurationList;
			buildConfigurations = (
				1012C6351DA69C3200E4E844 /* Debug */,
				1012C6361DA69C3200E4E844 /* Release */,
			);
			defaultConfigurationIsVisible = 0;
		};
		1012C6371DA69C3200E4E844 /* Build configuration list for PBXNativeTarget "TimersUITests" */ = {
			isa = XCConfigurationList;
			buildConfigurations = (
				1012C6381DA69C3200E4E844 /* Debug */,
				1012C6391DA69C3200E4E844 /* Release */,
			);
			defaultConfigurationIsVisible = 0;
		};
/* End XCConfigurationList section */
	};
	rootObject = 1012C5D81DA69C3100E4E844 /* Project object */;
}
